// !$*UTF8*$!
{
	archiveVersion = 1;
	classes = {
	};
	objectVersion = 50;
	objects = {

/* Begin PBXBuildFile section */
		FEE3D7B621E721E4000E8620 /* AppDelegate.m in Sources */ = {isa = PBXBuildFile; fileRef = FEE3D7B521E721E4000E8620 /* AppDelegate.m */; };
		FEE3D7B921E721E4000E8620 /* ViewController.m in Sources */ = {isa = PBXBuildFile; fileRef = FEE3D7B821E721E4000E8620 /* ViewController.m */; };
		FEE3D7BC21E721E4000E8620 /* Main.storyboard in Resources */ = {isa = PBXBuildFile; fileRef = FEE3D7BA21E721E4000E8620 /* Main.storyboard */; };
		FEE3D7BE21E721E5000E8620 /* Assets.xcassets in Resources */ = {isa = PBXBuildFile; fileRef = FEE3D7BD21E721E5000E8620 /* Assets.xcassets */; };
		FEE3D7C121E721E5000E8620 /* LaunchScreen.storyboard in Resources */ = {isa = PBXBuildFile; fileRef = FEE3D7BF21E721E5000E8620 /* LaunchScreen.storyboard */; };
		FEE3D7C421E721E5000E8620 /* main.m in Sources */ = {isa = PBXBuildFile; fileRef = FEE3D7C321E721E5000E8620 /* main.m */; };
/* End PBXBuildFile section */

/* Begin PBXFileReference section */
		FEE3D7B121E721E4000E8620 /* WebSexyVideo.app */ = {isa = PBXFileReference; explicitFileType = wrapper.application; includeInIndex = 0; path = WebSexyVideo.app; sourceTree = BUILT_PRODUCTS_DIR; };
		FEE3D7B421E721E4000E8620 /* AppDelegate.h */ = {isa = PBXFileReference; lastKnownFileType = sourcecode.c.h; path = AppDelegate.h; sourceTree = "<group>"; };
		FEE3D7B521E721E4000E8620 /* AppDelegate.m */ = {isa = PBXFileReference; lastKnownFileType = sourcecode.c.objc; path = AppDelegate.m; sourceTree = "<group>"; };
		FEE3D7B721E721E4000E8620 /* ViewController.h */ = {isa = PBXFileReference; lastKnownFileType = sourcecode.c.h; path = ViewController.h; sourceTree = "<group>"; };
		FEE3D7B821E721E4000E8620 /* ViewController.m */ = {isa = PBXFileReference; lastKnownFileType = sourcecode.c.objc; path = ViewController.m; sourceTree = "<group>"; };
		FEE3D7BB21E721E4000E8620 /* Base */ = {isa = PBXFileReference; lastKnownFileType = file.storyboard; name = Base; path = Base.lproj/Main.storyboard; sourceTree = "<group>"; };
		FEE3D7BD21E721E5000E8620 /* Assets.xcassets */ = {isa = PBXFileReference; lastKnownFileType = folder.assetcatalog; path = Assets.xcassets; sourceTree = "<group>"; };
		FEE3D7C021E721E5000E8620 /* Base */ = {isa = PBXFileReference; lastKnownFileType = file.storyboard; name = Base; path = Base.lproj/LaunchScreen.storyboard; sourceTree = "<group>"; };
		FEE3D7C221E721E5000E8620 /* Info.plist */ = {isa = PBXFileReference; lastKnownFileType = text.plist.xml; path = Info.plist; sourceTree = "<group>"; };
		FEE3D7C321E721E5000E8620 /* main.m */ = {isa = PBXFileReference; lastKnownFileType = sourcecode.c.objc; path = main.m; sourceTree = "<group>"; };
/* End PBXFileReference section */

/* Begin PBXFrameworksBuildPhase section */
		FEE3D7AE21E721E4000E8620 /* Frameworks */ = {
			isa = PBXFrameworksBuildPhase;
			buildActionMask = 2147483647;
			files = (
			);
			runOnlyForDeploymentPostprocessing = 0;
		};
/* End PBXFrameworksBuildPhase section */

/* Begin PBXGroup section */
		FEE3D7A821E721E4000E8620 = {
			isa = PBXGroup;
			children = (
				FEE3D7B321E721E4000E8620 /* WebSexyVideo */,
				FEE3D7B221E721E4000E8620 /* Products */,
			);
			sourceTree = "<group>";
		};
		FEE3D7B221E721E4000E8620 /* Products */ = {
			isa = PBXGroup;
			children = (
				FEE3D7B121E721E4000E8620 /* WebSexyVideo.app */,
			);
			name = Products;
			sourceTree = "<group>";
		};
		FEE3D7B321E721E4000E8620 /* WebSexyVideo */ = {
			isa = PBXGroup;
			children = (
				FEE3D7B421E721E4000E8620 /* AppDelegate.h */,
				FEE3D7B521E721E4000E8620 /* AppDelegate.m */,
				FEE3D7B721E721E4000E8620 /* ViewController.h */,
				FEE3D7B821E721E4000E8620 /* ViewController.m */,
				FEE3D7BA21E721E4000E8620 /* Main.storyboard */,
				FEE3D7BD21E721E5000E8620 /* Assets.xcassets */,
				FEE3D7BF21E721E5000E8620 /* LaunchScreen.storyboard */,
				FEE3D7C221E721E5000E8620 /* Info.plist */,
				FEE3D7C321E721E5000E8620 /* main.m */,
			);
			path = WebSexyVideo;
			sourceTree = "<group>";
		};
/* End PBXGroup section */

/* Begin PBXNativeTarget section */
		FEE3D7B021E721E4000E8620 /* WebSexyVideo */ = {
			isa = PBXNativeTarget;
			buildConfigurationList = FEE3D7C721E721E5000E8620 /* Build configuration list for PBXNativeTarget "WebSexyVideo" */;
			buildPhases = (
				FEE3D7AD21E721E4000E8620 /* Sources */,
				FEE3D7AE21E721E4000E8620 /* Frameworks */,
				FEE3D7AF21E721E4000E8620 /* Resources */,
			);
			buildRules = (
			);
			dependencies = (
			);
			name = WebSexyVideo;
			productName = WebSexyVideo;
			productReference = FEE3D7B121E721E4000E8620 /* WebSexyVideo.app */;
			productType = "com.apple.product-type.application";
		};
/* End PBXNativeTarget section */

/* Begin PBXProject section */
		FEE3D7A921E721E4000E8620 /* Project object */ = {
			isa = PBXProject;
			attributes = {
				LastUpgradeCheck = 1010;
				ORGANIZATIONNAME = dota;
				TargetAttributes = {
					FEE3D7B021E721E4000E8620 = {
						CreatedOnToolsVersion = 10.1;
					};
				};
			};
			buildConfigurationList = FEE3D7AC21E721E4000E8620 /* Build configuration list for PBXProject "WebSexyVideo" */;
			compatibilityVersion = "Xcode 9.3";
			developmentRegion = en;
			hasScannedForEncodings = 0;
			knownRegions = (
				en,
				Base,
			);
			mainGroup = FEE3D7A821E721E4000E8620;
			productRefGroup = FEE3D7B221E721E4000E8620 /* Products */;
			projectDirPath = "";
			projectRoot = "";
			targets = (
				FEE3D7B021E721E4000E8620 /* WebSexyVideo */,
			);
		};
/* End PBXProject section */

/* Begin PBXResourcesBuildPhase section */
		FEE3D7AF21E721E4000E8620 /* Resources */ = {
			isa = PBXResourcesBuildPhase;
			buildActionMask = 2147483647;
			files = (
				FEE3D7C121E721E5000E8620 /* LaunchScreen.storyboard in Resources */,
				FEE3D7BE21E721E5000E8620 /* Assets.xcassets in Resources */,
				FEE3D7BC21E721E4000E8620 /* Main.storyboard in Resources */,
			);
			runOnlyForDeploymentPostprocessing = 0;
		};
/* End PBXResourcesBuildPhase section */

/* Begin PBXSourcesBuildPhase section */
		FEE3D7AD21E721E4000E8620 /* Sources */ = {
			isa = PBXSourcesBuildPhase;
			buildActionMask = 2147483647;
			files = (
				FEE3D7B921E721E4000E8620 /* ViewController.m in Sources */,
				FEE3D7C421E721E5000E8620 /* main.m in Sources */,
				FEE3D7B621E721E4000E8620 /* AppDelegate.m in Sources */,
			);
			runOnlyForDeploymentPostprocessing = 0;
		};
/* End PBXSourcesBuildPhase section */

/* Begin PBXVariantGroup section */
		FEE3D7BA21E721E4000E8620 /* Main.storyboard */ = {
			isa = PBXVariantGroup;
			children = (
				FEE3D7BB21E721E4000E8620 /* Base */,
			);
			name = Main.storyboard;
			sourceTree = "<group>";
		};
		FEE3D7BF21E721E5000E8620 /* LaunchScreen.storyboard */ = {
			isa = PBXVariantGroup;
			children = (
				FEE3D7C021E721E5000E8620 /* Base */,
			);
			name = LaunchScreen.storyboard;
			sourceTree = "<group>";
		};
/* End PBXVariantGroup section */

/* Begin XCBuildConfiguration section */
		FEE3D7C521E721E5000E8620 /* Debug */ = {
			isa = XCBuildConfiguration;
			buildSettings = {
				ALWAYS_SEARCH_USER_PATHS = NO;
				CLANG_ANALYZER_NONNULL = YES;
				CLANG_ANALYZER_NUMBER_OBJECT_CONVERSION = YES_AGGRESSIVE;
				CLANG_CXX_LANGUAGE_STANDARD = "gnu++14";
				CLANG_CXX_LIBRARY = "libc++";
				CLANG_ENABLE_MODULES = YES;
				CLANG_ENABLE_OBJC_ARC = YES;
				CLANG_ENABLE_OBJC_WEAK = YES;
				CLANG_WARN_BLOCK_CAPTURE_AUTORELEASING = YES;
				CLANG_WARN_BOOL_CONVERSION = YES;
				CLANG_WARN_COMMA = YES;
				CLANG_WARN_CONSTANT_CONVERSION = YES;
				CLANG_WARN_DEPRECATED_OBJC_IMPLEMENTATIONS = YES;
				CLANG_WARN_DIRECT_OBJC_ISA_USAGE = YES_ERROR;
				CLANG_WARN_DOCUMENTATION_COMMENTS = YES;
				CLANG_WARN_EMPTY_BODY = YES;
				CLANG_WARN_ENUM_CONVERSION = YES;
				CLANG_WARN_INFINITE_RECURSION = YES;
				CLANG_WARN_INT_CONVERSION = YES;
				CLANG_WARN_NON_LITERAL_NULL_CONVERSION = YES;
				CLANG_WARN_OBJC_IMPLICIT_RETAIN_SELF = YES;
				CLANG_WARN_OBJC_LITERAL_CONVERSION = YES;
				CLANG_WARN_OBJC_ROOT_CLASS = YES_ERROR;
				CLANG_WARN_RANGE_LOOP_ANALYSIS = YES;
				CLANG_WARN_STRICT_PROTOTYPES = YES;
				CLANG_WARN_SUSPICIOUS_MOVE = YES;
				CLANG_WARN_UNGUARDED_AVAILABILITY = YES_AGGRESSIVE;
				CLANG_WARN_UNREACHABLE_CODE = YES;
				CLANG_WARN__DUPLICATE_METHOD_MATCH = YES;
				CODE_SIGN_IDENTITY = "iPhone Developer";
				COPY_PHASE_STRIP = NO;
				DEBUG_INFORMATION_FORMAT = dwarf;
				ENABLE_STRICT_OBJC_MSGSEND = YES;
				ENABLE_TESTABILITY = YES;
				GCC_C_LANGUAGE_STANDARD = gnu11;
				GCC_DYNAMIC_NO_PIC = NO;
				GCC_NO_COMMON_BLOCKS = YES;
				GCC_OPTIMIZATION_LEVEL = 0;
				GCC_PREPROCESSOR_DEFINITIONS = (
					"DEBUG=1",
					"$(inherited)",
				);
				GCC_WARN_64_TO_32_BIT_CONVERSION = YES;
				GCC_WARN_ABOUT_RETURN_TYPE = YES_ERROR;
				GCC_WARN_UNDECLARED_SELECTOR = YES;
				GCC_WARN_UNINITIALIZED_AUTOS = YES_AGGRESSIVE;
				GCC_WARN_UNUSED_FUNCTION = YES;
				GCC_WARN_UNUSED_VARIABLE = YES;
				IPHONEOS_DEPLOYMENT_TARGET = 12.1;
				MTL_ENABLE_DEBUG_INFO = INCLUDE_SOURCE;
				MTL_FAST_MATH = YES;
				ONLY_ACTIVE_ARCH = YES;
				SDKROOT = iphoneos;
			};
			name = Debug;
		};
		FEE3D7C621E721E5000E8620 /* Release */ = {
			isa = XCBuildConfiguration;
			buildSettings = {
				ALWAYS_SEARCH_USER_PATHS = NO;
				CLANG_ANALYZER_NONNULL = YES;
				CLANG_ANALYZER_NUMBER_OBJECT_CONVERSION = YES_AGGRESSIVE;
				CLANG_CXX_LANGUAGE_STANDARD = "gnu++14";
				CLANG_CXX_LIBRARY = "libc++";
				CLANG_ENABLE_MODULES = YES;
				CLANG_ENABLE_OBJC_ARC = YES;
				CLANG_ENABLE_OBJC_WEAK = YES;
				CLANG_WARN_BLOCK_CAPTURE_AUTORELEASING = YES;
				CLANG_WARN_BOOL_CONVERSION = YES;
				CLANG_WARN_COMMA = YES;
				CLANG_WARN_CONSTANT_CONVERSION = YES;
				CLANG_WARN_DEPRECATED_OBJC_IMPLEMENTATIONS = YES;
				CLANG_WARN_DIRECT_OBJC_ISA_USAGE = YES_ERROR;
				CLANG_WARN_DOCUMENTATION_COMMENTS = YES;
				CLANG_WARN_EMPTY_BODY = YES;
				CLANG_WARN_ENUM_CONVERSION = YES;
				CLANG_WARN_INFINITE_RECURSION = YES;
				CLANG_WARN_INT_CONVERSION = YES;
				CLANG_WARN_NON_LITERAL_NULL_CONVERSION = YES;
				CLANG_WARN_OBJC_IMPLICIT_RETAIN_SELF = YES;
				CLANG_WARN_OBJC_LITERAL_CONVERSION = YES;
				CLANG_WARN_OBJC_ROOT_CLASS = YES_ERROR;
				CLANG_WARN_RANGE_LOOP_ANALYSIS = YES;
				CLANG_WARN_STRICT_PROTOTYPES = YES;
				CLANG_WARN_SUSPICIOUS_MOVE = YES;
				CLANG_WARN_UNGUARDED_AVAILABILITY = YES_AGGRESSIVE;
				CLANG_WARN_UNREACHABLE_CODE = YES;
				CLANG_WARN__DUPLICATE_METHOD_MATCH = YES;
				CODE_SIGN_IDENTITY = "iPhone Developer";
				COPY_PHASE_STRIP = NO;
				DEBUG_INFORMATION_FORMAT = "dwarf-with-dsym";
				ENABLE_NS_ASSERTIONS = NO;
				ENABLE_STRICT_OBJC_MSGSEND = YES;
				GCC_C_LANGUAGE_STANDARD = gnu11;
				GCC_NO_COMMON_BLOCKS = YES;
				GCC_WARN_64_TO_32_BIT_CONVERSION = YES;
				GCC_WARN_ABOUT_RETURN_TYPE = YES_ERROR;
				GCC_WARN_UNDECLARED_SELECTOR = YES;
				GCC_WARN_UNINITIALIZED_AUTOS = YES_AGGRESSIVE;
				GCC_WARN_UNUSED_FUNCTION = YES;
				GCC_WARN_UNUSED_VARIABLE = YES;
				IPHONEOS_DEPLOYMENT_TARGET = 12.1;
				MTL_ENABLE_DEBUG_INFO = NO;
				MTL_FAST_MATH = YES;
				SDKROOT = iphoneos;
				VALIDATE_PRODUCT = YES;
			};
			name = Release;
		};
		FEE3D7C821E721E5000E8620 /* Debug */ = {
			isa = XCBuildConfiguration;
			buildSettings = {
				ASSETCATALOG_COMPILER_APPICON_NAME = AppIcon;
				CODE_SIGN_STYLE = Automatic;
				DEVELOPMENT_TEAM = 9Y7ZH673N4;
				INFOPLIST_FILE = WebSexyVideo/Info.plist;
				LD_RUNPATH_SEARCH_PATHS = (
					"$(inherited)",
					"@executable_path/Frameworks",
				);
				PRODUCT_BUNDLE_IDENTIFIER = dota.WebSexyVideo;
				PRODUCT_NAME = "$(TARGET_NAME)";
				TARGETED_DEVICE_FAMILY = "1,2";
			};
			name = Debug;
		};
		FEE3D7C921E721E5000E8620 /* Release */ = {
			isa = XCBuildConfiguration;
			buildSettings = {
				ASSETCATALOG_COMPILER_APPICON_NAME = AppIcon;
				CODE_SIGN_STYLE = Automatic;
				DEVELOPMENT_TEAM = 9Y7ZH673N4;
				INFOPLIST_FILE = WebSexyVideo/Info.plist;
				LD_RUNPATH_SEARCH_PATHS = (
					"$(inherited)",
					"@executable_path/Frameworks",
				);
				PRODUCT_BUNDLE_IDENTIFIER = dota.WebSexyVideo;
				PRODUCT_NAME = "$(TARGET_NAME)";
				TARGETED_DEVICE_FAMILY = "1,2";
			};
			name = Release;
		};
/* End XCBuildConfiguration section */

/* Begin XCConfigurationList section */
		FEE3D7AC21E721E4000E8620 /* Build configuration list for PBXProject "WebSexyVideo" */ = {
			isa = XCConfigurationList;
			buildConfigurations = (
				FEE3D7C521E721E5000E8620 /* Debug */,
				FEE3D7C621E721E5000E8620 /* Release */,
			);
			defaultConfigurationIsVisible = 0;
			defaultConfigurationName = Release;
		};
		FEE3D7C721E721E5000E8620 /* Build configuration list for PBXNativeTarget "WebSexyVideo" */ = {
			isa = XCConfigurationList;
			buildConfigurations = (
				FEE3D7C821E721E5000E8620 /* Debug */,
				FEE3D7C921E721E5000E8620 /* Release */,
			);
			defaultConfigurationIsVisible = 0;
			defaultConfigurationName = Release;
		};
/* End XCConfigurationList section */
	};
	rootObject = FEE3D7A921E721E4000E8620 /* Project object */;
}
